// !$*UTF8*$!
{
	archiveVersion = 1;
	classes = {
	};
	objectVersion = 46;
	objects = {

/* Begin PBXBuildFile section */
		047DBE231E20481500F28B5A /* LoginController.swift in Sources */ = {isa = PBXBuildFile; fileRef = 047DBE221E20481500F28B5A /* LoginController.swift */; };
		04B2DB6E1E3951F9009EF299 /* AuthRequestValidator.swift in Sources */ = {isa = PBXBuildFile; fileRef = 04B2DB6D1E3951F9009EF299 /* AuthRequestValidator.swift */; };
		04B2DB701E3953D1009EF299 /* AuthValidatorTest.swift in Sources */ = {isa = PBXBuildFile; fileRef = 04B2DB6F1E3953D1009EF299 /* AuthValidatorTest.swift */; };
		04BAE1621E206FB900B0AD06 /* GoogleService-Info.plist in Resources */ = {isa = PBXBuildFile; fileRef = 04BAE1611E206FB900B0AD06 /* GoogleService-Info.plist */; };
		04BAE1651E21A74700B0AD06 /* HomeController.swift in Sources */ = {isa = PBXBuildFile; fileRef = 04BAE1641E21A74700B0AD06 /* HomeController.swift */; };
		04BAE1681E2C315900B0AD06 /* LoginView.swift in Sources */ = {isa = PBXBuildFile; fileRef = 04BAE1671E2C315900B0AD06 /* LoginView.swift */; };
		04BAE16B1E2C327700B0AD06 /* AuthController.swift in Sources */ = {isa = PBXBuildFile; fileRef = 04BAE16A1E2C327700B0AD06 /* AuthController.swift */; };
		04BAE16D1E2C328D00B0AD06 /* AuthView.swift in Sources */ = {isa = PBXBuildFile; fileRef = 04BAE16C1E2C328D00B0AD06 /* AuthView.swift */; };
		04BAE16F1E2C371E00B0AD06 /* AuthInteractor.swift in Sources */ = {isa = PBXBuildFile; fileRef = 04BAE16E1E2C371E00B0AD06 /* AuthInteractor.swift */; };
		04BAE1721E2C39D800B0AD06 /* AuthDelegateInterface.swift in Sources */ = {isa = PBXBuildFile; fileRef = 04BAE1711E2C39D800B0AD06 /* AuthDelegateInterface.swift */; };
		04BAE1741E2C3A5E00B0AD06 /* AuthInterface.swift in Sources */ = {isa = PBXBuildFile; fileRef = 04BAE1731E2C3A5E00B0AD06 /* AuthInterface.swift */; };
		04BAE1761E2C3E8C00B0AD06 /* AuthPresenter.swift in Sources */ = {isa = PBXBuildFile; fileRef = 04BAE1751E2C3E8C00B0AD06 /* AuthPresenter.swift */; };
		04BAE17B1E2C551200B0AD06 /* User.swift in Sources */ = {isa = PBXBuildFile; fileRef = 04BAE17A1E2C551200B0AD06 /* User.swift */; };
		04BAE17D1E2C5F8A00B0AD06 /* AuthDataManager.swift in Sources */ = {isa = PBXBuildFile; fileRef = 04BAE17C1E2C5F8A00B0AD06 /* AuthDataManager.swift */; };
		04BAE1921E2EC9A600B0AD06 /* Properties.swift in Sources */ = {isa = PBXBuildFile; fileRef = 04BAE1911E2EC9A600B0AD06 /* Properties.swift */; };
		04BAE1941E2ECFA500B0AD06 /* Strings.swift in Sources */ = {isa = PBXBuildFile; fileRef = 04BAE1931E2ECFA500B0AD06 /* Strings.swift */; };
		04FB53491E2038D500D9F2C9 /* AppDelegate.swift in Sources */ = {isa = PBXBuildFile; fileRef = 04FB53481E2038D500D9F2C9 /* AppDelegate.swift */; };
		04FB534B1E2038D500D9F2C9 /* ChurchResultController.swift in Sources */ = {isa = PBXBuildFile; fileRef = 04FB534A1E2038D500D9F2C9 /* ChurchResultController.swift */; };
		04FB53511E2038D500D9F2C9 /* ChurchFinder.xcdatamodeld in Sources */ = {isa = PBXBuildFile; fileRef = 04FB534F1E2038D500D9F2C9 /* ChurchFinder.xcdatamodeld */; };
		04FB53531E2038D500D9F2C9 /* Assets.xcassets in Resources */ = {isa = PBXBuildFile; fileRef = 04FB53521E2038D500D9F2C9 /* Assets.xcassets */; };
		04FB53561E2038D500D9F2C9 /* LaunchScreen.storyboard in Resources */ = {isa = PBXBuildFile; fileRef = 04FB53541E2038D500D9F2C9 /* LaunchScreen.storyboard */; };
		04FB53611E2038D500D9F2C9 /* ChurchFinderTests.swift in Sources */ = {isa = PBXBuildFile; fileRef = 04FB53601E2038D500D9F2C9 /* ChurchFinderTests.swift */; };
		04FB536C1E2038D500D9F2C9 /* ChurchFinderUITests.swift in Sources */ = {isa = PBXBuildFile; fileRef = 04FB536B1E2038D500D9F2C9 /* ChurchFinderUITests.swift */; };
		04FB537A1E203AAB00D9F2C9 /* ViewExtensions.swift in Sources */ = {isa = PBXBuildFile; fileRef = 04FB53791E203AAB00D9F2C9 /* ViewExtensions.swift */; };
		4354C7531E40EC0200F2A235 /* ChurchFinderRouterInterface.swift in Sources */ = {isa = PBXBuildFile; fileRef = 4354C7521E40EC0200F2A235 /* ChurchFinderRouterInterface.swift */; };
		4354C7551E40EE3C00F2A235 /* ChurchFinderRouter.swift in Sources */ = {isa = PBXBuildFile; fileRef = 4354C7541E40EE3C00F2A235 /* ChurchFinderRouter.swift */; };
		4354C7571E40F53200F2A235 /* DataFactory.swift in Sources */ = {isa = PBXBuildFile; fileRef = 4354C7561E40F53200F2A235 /* DataFactory.swift */; };
		43A7392B1E40CA01001123D6 /* ChurchInteractor.swift in Sources */ = {isa = PBXBuildFile; fileRef = 43A7392A1E40CA01001123D6 /* ChurchInteractor.swift */; };
		43A7392D1E40CB5F001123D6 /* Locator.swift in Sources */ = {isa = PBXBuildFile; fileRef = 43A7392C1E40CB5F001123D6 /* Locator.swift */; };
		43A7392F1E40DB30001123D6 /* ChurchFinderDelegateInterface.swift in Sources */ = {isa = PBXBuildFile; fileRef = 43A7392E1E40DB30001123D6 /* ChurchFinderDelegateInterface.swift */; };
		43A739331E40DF56001123D6 /* ChurchFinderPresenter.swift in Sources */ = {isa = PBXBuildFile; fileRef = 43A739321E40DF56001123D6 /* ChurchFinderPresenter.swift */; };
		43A739361E40E0BD001123D6 /* ChurchDataManager.swift in Sources */ = {isa = PBXBuildFile; fileRef = 43A739351E40E0BD001123D6 /* ChurchDataManager.swift */; };
		43A739381E40E4FB001123D6 /* Church.swift in Sources */ = {isa = PBXBuildFile; fileRef = 43A739371E40E4FB001123D6 /* Church.swift */; };
		43D2DB041E40C0BE00E5ADCB /* ChurchFinderController.swift in Sources */ = {isa = PBXBuildFile; fileRef = 43D2DB031E40C0BE00E5ADCB /* ChurchFinderController.swift */; };
		43D2DB071E40C0F300E5ADCB /* ChurchFinderView.swift in Sources */ = {isa = PBXBuildFile; fileRef = 43D2DB061E40C0F300E5ADCB /* ChurchFinderView.swift */; };
		43D2DB0A1E40C8B700E5ADCB /* ChurchFinderDataInterface.swift in Sources */ = {isa = PBXBuildFile; fileRef = 43D2DB091E40C8B700E5ADCB /* ChurchFinderDataInterface.swift */; };
		5CAA08654CE33B2E5AD7556D /* Pods_ChurchFinderUITests.framework in Frameworks */ = {isa = PBXBuildFile; fileRef = 18D85250C895FD6C21B27764 /* Pods_ChurchFinderUITests.framework */; };
		78647D4513EFA182E371392C /* Pods_ChurchFinder.framework in Frameworks */ = {isa = PBXBuildFile; fileRef = 8C611FFACDA544C709229319 /* Pods_ChurchFinder.framework */; };
		9C0BA613FA897A3E96C46A52 /* Pods_ChurchFinderTests.framework in Frameworks */ = {isa = PBXBuildFile; fileRef = 19F036CAB7BE892F70A90E7F /* Pods_ChurchFinderTests.framework */; };
/* End PBXBuildFile section */

/* Begin PBXContainerItemProxy section */
		04FB535D1E2038D500D9F2C9 /* PBXContainerItemProxy */ = {
			isa = PBXContainerItemProxy;
			containerPortal = 04FB533D1E2038D500D9F2C9 /* Project object */;
			proxyType = 1;
			remoteGlobalIDString = 04FB53441E2038D500D9F2C9;
			remoteInfo = ChurchFinder;
		};
		04FB53681E2038D500D9F2C9 /* PBXContainerItemProxy */ = {
			isa = PBXContainerItemProxy;
			containerPortal = 04FB533D1E2038D500D9F2C9 /* Project object */;
			proxyType = 1;
			remoteGlobalIDString = 04FB53441E2038D500D9F2C9;
			remoteInfo = ChurchFinder;
		};
/* End PBXContainerItemProxy section */

/* Begin PBXFileReference section */
		047DBE221E20481500F28B5A /* LoginController.swift */ = {isa = PBXFileReference; fileEncoding = 4; lastKnownFileType = sourcecode.swift; path = LoginController.swift; sourceTree = "<group>"; };
		04B2DB6D1E3951F9009EF299 /* AuthRequestValidator.swift */ = {isa = PBXFileReference; fileEncoding = 4; lastKnownFileType = sourcecode.swift; path = AuthRequestValidator.swift; sourceTree = "<group>"; };
		04B2DB6F1E3953D1009EF299 /* AuthValidatorTest.swift */ = {isa = PBXFileReference; fileEncoding = 4; lastKnownFileType = sourcecode.swift; path = AuthValidatorTest.swift; sourceTree = "<group>"; };
		04BAE1611E206FB900B0AD06 /* GoogleService-Info.plist */ = {isa = PBXFileReference; fileEncoding = 4; lastKnownFileType = text.plist.xml; path = "GoogleService-Info.plist"; sourceTree = "<group>"; };
		04BAE1641E21A74700B0AD06 /* HomeController.swift */ = {isa = PBXFileReference; fileEncoding = 4; lastKnownFileType = sourcecode.swift; path = HomeController.swift; sourceTree = "<group>"; };
		04BAE1671E2C315900B0AD06 /* LoginView.swift */ = {isa = PBXFileReference; fileEncoding = 4; lastKnownFileType = sourcecode.swift; path = LoginView.swift; sourceTree = "<group>"; };
		04BAE16A1E2C327700B0AD06 /* AuthController.swift */ = {isa = PBXFileReference; fileEncoding = 4; lastKnownFileType = sourcecode.swift; path = AuthController.swift; sourceTree = "<group>"; };
		04BAE16C1E2C328D00B0AD06 /* AuthView.swift */ = {isa = PBXFileReference; fileEncoding = 4; lastKnownFileType = sourcecode.swift; path = AuthView.swift; sourceTree = "<group>"; };
		04BAE16E1E2C371E00B0AD06 /* AuthInteractor.swift */ = {isa = PBXFileReference; fileEncoding = 4; lastKnownFileType = sourcecode.swift; path = AuthInteractor.swift; sourceTree = "<group>"; };
		04BAE1711E2C39D800B0AD06 /* AuthDelegateInterface.swift */ = {isa = PBXFileReference; fileEncoding = 4; lastKnownFileType = sourcecode.swift; path = AuthDelegateInterface.swift; sourceTree = "<group>"; };
		04BAE1731E2C3A5E00B0AD06 /* AuthInterface.swift */ = {isa = PBXFileReference; fileEncoding = 4; lastKnownFileType = sourcecode.swift; path = AuthInterface.swift; sourceTree = "<group>"; };
		04BAE1751E2C3E8C00B0AD06 /* AuthPresenter.swift */ = {isa = PBXFileReference; fileEncoding = 4; lastKnownFileType = sourcecode.swift; path = AuthPresenter.swift; sourceTree = "<group>"; };
		04BAE17A1E2C551200B0AD06 /* User.swift */ = {isa = PBXFileReference; fileEncoding = 4; lastKnownFileType = sourcecode.swift; path = User.swift; sourceTree = "<group>"; };
		04BAE17C1E2C5F8A00B0AD06 /* AuthDataManager.swift */ = {isa = PBXFileReference; fileEncoding = 4; lastKnownFileType = sourcecode.swift; path = AuthDataManager.swift; sourceTree = "<group>"; };
		04BAE1911E2EC9A600B0AD06 /* Properties.swift */ = {isa = PBXFileReference; fileEncoding = 4; lastKnownFileType = sourcecode.swift; path = Properties.swift; sourceTree = "<group>"; };
		04BAE1931E2ECFA500B0AD06 /* Strings.swift */ = {isa = PBXFileReference; fileEncoding = 4; lastKnownFileType = sourcecode.swift; path = Strings.swift; sourceTree = "<group>"; };
		04FB53451E2038D500D9F2C9 /* ChurchFinder.app */ = {isa = PBXFileReference; explicitFileType = wrapper.application; includeInIndex = 0; path = ChurchFinder.app; sourceTree = BUILT_PRODUCTS_DIR; };
		04FB53481E2038D500D9F2C9 /* AppDelegate.swift */ = {isa = PBXFileReference; lastKnownFileType = sourcecode.swift; path = AppDelegate.swift; sourceTree = "<group>"; };
		04FB534A1E2038D500D9F2C9 /* ChurchResultController.swift */ = {isa = PBXFileReference; lastKnownFileType = sourcecode.swift; path = ChurchResultController.swift; sourceTree = "<group>"; };
		04FB53501E2038D500D9F2C9 /* ChurchFinder.xcdatamodel */ = {isa = PBXFileReference; lastKnownFileType = wrapper.xcdatamodel; path = ChurchFinder.xcdatamodel; sourceTree = "<group>"; };
		04FB53521E2038D500D9F2C9 /* Assets.xcassets */ = {isa = PBXFileReference; lastKnownFileType = folder.assetcatalog; path = Assets.xcassets; sourceTree = "<group>"; };
		04FB53551E2038D500D9F2C9 /* Base */ = {isa = PBXFileReference; lastKnownFileType = file.storyboard; name = Base; path = Base.lproj/LaunchScreen.storyboard; sourceTree = "<group>"; };
		04FB53571E2038D500D9F2C9 /* Info.plist */ = {isa = PBXFileReference; lastKnownFileType = text.plist.xml; path = Info.plist; sourceTree = "<group>"; };
		04FB535C1E2038D500D9F2C9 /* ChurchFinderTests.xctest */ = {isa = PBXFileReference; explicitFileType = wrapper.cfbundle; includeInIndex = 0; path = ChurchFinderTests.xctest; sourceTree = BUILT_PRODUCTS_DIR; };
		04FB53601E2038D500D9F2C9 /* ChurchFinderTests.swift */ = {isa = PBXFileReference; lastKnownFileType = sourcecode.swift; path = ChurchFinderTests.swift; sourceTree = "<group>"; };
		04FB53621E2038D500D9F2C9 /* Info.plist */ = {isa = PBXFileReference; lastKnownFileType = text.plist.xml; path = Info.plist; sourceTree = "<group>"; };
		04FB53671E2038D500D9F2C9 /* ChurchFinderUITests.xctest */ = {isa = PBXFileReference; explicitFileType = wrapper.cfbundle; includeInIndex = 0; path = ChurchFinderUITests.xctest; sourceTree = BUILT_PRODUCTS_DIR; };
		04FB536B1E2038D500D9F2C9 /* ChurchFinderUITests.swift */ = {isa = PBXFileReference; lastKnownFileType = sourcecode.swift; path = ChurchFinderUITests.swift; sourceTree = "<group>"; };
		04FB536D1E2038D500D9F2C9 /* Info.plist */ = {isa = PBXFileReference; lastKnownFileType = text.plist.xml; path = Info.plist; sourceTree = "<group>"; };
		04FB53791E203AAB00D9F2C9 /* ViewExtensions.swift */ = {isa = PBXFileReference; fileEncoding = 4; lastKnownFileType = sourcecode.swift; path = ViewExtensions.swift; sourceTree = "<group>"; };
		0C6DAF8E78E6576F6C4D0763 /* Pods-ChurchFinderTests.debug.xcconfig */ = {isa = PBXFileReference; includeInIndex = 1; lastKnownFileType = text.xcconfig; name = "Pods-ChurchFinderTests.debug.xcconfig"; path = "Pods/Target Support Files/Pods-ChurchFinderTests/Pods-ChurchFinderTests.debug.xcconfig"; sourceTree = "<group>"; };
		18D85250C895FD6C21B27764 /* Pods_ChurchFinderUITests.framework */ = {isa = PBXFileReference; explicitFileType = wrapper.framework; includeInIndex = 0; path = Pods_ChurchFinderUITests.framework; sourceTree = BUILT_PRODUCTS_DIR; };
		19F036CAB7BE892F70A90E7F /* Pods_ChurchFinderTests.framework */ = {isa = PBXFileReference; explicitFileType = wrapper.framework; includeInIndex = 0; path = Pods_ChurchFinderTests.framework; sourceTree = BUILT_PRODUCTS_DIR; };
		333A3730961AB7554534B19A /* Pods-ChurchFinder.release.xcconfig */ = {isa = PBXFileReference; includeInIndex = 1; lastKnownFileType = text.xcconfig; name = "Pods-ChurchFinder.release.xcconfig"; path = "Pods/Target Support Files/Pods-ChurchFinder/Pods-ChurchFinder.release.xcconfig"; sourceTree = "<group>"; };
		4354C7521E40EC0200F2A235 /* ChurchFinderRouterInterface.swift */ = {isa = PBXFileReference; fileEncoding = 4; lastKnownFileType = sourcecode.swift; path = ChurchFinderRouterInterface.swift; sourceTree = "<group>"; };
		4354C7541E40EE3C00F2A235 /* ChurchFinderRouter.swift */ = {isa = PBXFileReference; fileEncoding = 4; lastKnownFileType = sourcecode.swift; path = ChurchFinderRouter.swift; sourceTree = "<group>"; };
		4354C7561E40F53200F2A235 /* DataFactory.swift */ = {isa = PBXFileReference; fileEncoding = 4; lastKnownFileType = sourcecode.swift; path = DataFactory.swift; sourceTree = "<group>"; };
		43A7392A1E40CA01001123D6 /* ChurchInteractor.swift */ = {isa = PBXFileReference; fileEncoding = 4; lastKnownFileType = sourcecode.swift; path = ChurchInteractor.swift; sourceTree = "<group>"; };
		43A7392C1E40CB5F001123D6 /* Locator.swift */ = {isa = PBXFileReference; fileEncoding = 4; lastKnownFileType = sourcecode.swift; path = Locator.swift; sourceTree = "<group>"; };
		43A7392E1E40DB30001123D6 /* ChurchFinderDelegateInterface.swift */ = {isa = PBXFileReference; fileEncoding = 4; lastKnownFileType = sourcecode.swift; path = ChurchFinderDelegateInterface.swift; sourceTree = "<group>"; };
		43A739321E40DF56001123D6 /* ChurchFinderPresenter.swift */ = {isa = PBXFileReference; fileEncoding = 4; lastKnownFileType = sourcecode.swift; path = ChurchFinderPresenter.swift; sourceTree = "<group>"; };
		43A739351E40E0BD001123D6 /* ChurchDataManager.swift */ = {isa = PBXFileReference; fileEncoding = 4; lastKnownFileType = sourcecode.swift; path = ChurchDataManager.swift; sourceTree = "<group>"; };
		43A739371E40E4FB001123D6 /* Church.swift */ = {isa = PBXFileReference; fileEncoding = 4; lastKnownFileType = sourcecode.swift; path = Church.swift; sourceTree = "<group>"; };
		43D2DB031E40C0BE00E5ADCB /* ChurchFinderController.swift */ = {isa = PBXFileReference; fileEncoding = 4; lastKnownFileType = sourcecode.swift; path = ChurchFinderController.swift; sourceTree = "<group>"; };
		43D2DB061E40C0F300E5ADCB /* ChurchFinderView.swift */ = {isa = PBXFileReference; fileEncoding = 4; lastKnownFileType = sourcecode.swift; path = ChurchFinderView.swift; sourceTree = "<group>"; };
		43D2DB091E40C8B700E5ADCB /* ChurchFinderDataInterface.swift */ = {isa = PBXFileReference; fileEncoding = 4; lastKnownFileType = sourcecode.swift; path = ChurchFinderDataInterface.swift; sourceTree = "<group>"; };
		5C688C7CCA7080A7A0A045E2 /* Pods-ChurchFinderUITests.debug.xcconfig */ = {isa = PBXFileReference; includeInIndex = 1; lastKnownFileType = text.xcconfig; name = "Pods-ChurchFinderUITests.debug.xcconfig"; path = "Pods/Target Support Files/Pods-ChurchFinderUITests/Pods-ChurchFinderUITests.debug.xcconfig"; sourceTree = "<group>"; };
		8C611FFACDA544C709229319 /* Pods_ChurchFinder.framework */ = {isa = PBXFileReference; explicitFileType = wrapper.framework; includeInIndex = 0; path = Pods_ChurchFinder.framework; sourceTree = BUILT_PRODUCTS_DIR; };
		B5A12E8AB1A5D91F4A4835EE /* Pods-ChurchFinderTests.release.xcconfig */ = {isa = PBXFileReference; includeInIndex = 1; lastKnownFileType = text.xcconfig; name = "Pods-ChurchFinderTests.release.xcconfig"; path = "Pods/Target Support Files/Pods-ChurchFinderTests/Pods-ChurchFinderTests.release.xcconfig"; sourceTree = "<group>"; };
		CAE0E3F934FB04B05E6893C6 /* Pods-ChurchFinder.debug.xcconfig */ = {isa = PBXFileReference; includeInIndex = 1; lastKnownFileType = text.xcconfig; name = "Pods-ChurchFinder.debug.xcconfig"; path = "Pods/Target Support Files/Pods-ChurchFinder/Pods-ChurchFinder.debug.xcconfig"; sourceTree = "<group>"; };
		F7B42302C1ECB56263A8F770 /* Pods-ChurchFinderUITests.release.xcconfig */ = {isa = PBXFileReference; includeInIndex = 1; lastKnownFileType = text.xcconfig; name = "Pods-ChurchFinderUITests.release.xcconfig"; path = "Pods/Target Support Files/Pods-ChurchFinderUITests/Pods-ChurchFinderUITests.release.xcconfig"; sourceTree = "<group>"; };
/* End PBXFileReference section */

/* Begin PBXFrameworksBuildPhase section */
		04FB53421E2038D500D9F2C9 /* Frameworks */ = {
			isa = PBXFrameworksBuildPhase;
			buildActionMask = 2147483647;
			files = (
				78647D4513EFA182E371392C /* Pods_ChurchFinder.framework in Frameworks */,
			);
			runOnlyForDeploymentPostprocessing = 0;
		};
		04FB53591E2038D500D9F2C9 /* Frameworks */ = {
			isa = PBXFrameworksBuildPhase;
			buildActionMask = 2147483647;
			files = (
				9C0BA613FA897A3E96C46A52 /* Pods_ChurchFinderTests.framework in Frameworks */,
			);
			runOnlyForDeploymentPostprocessing = 0;
		};
		04FB53641E2038D500D9F2C9 /* Frameworks */ = {
			isa = PBXFrameworksBuildPhase;
			buildActionMask = 2147483647;
			files = (
				5CAA08654CE33B2E5AD7556D /* Pods_ChurchFinderUITests.framework in Frameworks */,
			);
			runOnlyForDeploymentPostprocessing = 0;
		};
/* End PBXFrameworksBuildPhase section */

/* Begin PBXGroup section */
		047DBE211E2046FC00F28B5A /* Controller */ = {
			isa = PBXGroup;
			children = (
				43D2DB021E40C08700E5ADCB /* Church */,
				04BAE1691E2C325500B0AD06 /* Auth */,
				04BAE1631E21A71200B0AD06 /* Home */,
				047DBE241E204A1B00F28B5A /* Login */,
			);
			name = Controller;
			sourceTree = "<group>";
		};
		047DBE241E204A1B00F28B5A /* Login */ = {
			isa = PBXGroup;
			children = (
				047DBE221E20481500F28B5A /* LoginController.swift */,
				04BAE1671E2C315900B0AD06 /* LoginView.swift */,
			);
			name = Login;
			sourceTree = "<group>";
		};
		04BAE1631E21A71200B0AD06 /* Home */ = {
			isa = PBXGroup;
			children = (
				04BAE1641E21A74700B0AD06 /* HomeController.swift */,
			);
			name = Home;
			sourceTree = "<group>";
		};
		04BAE1691E2C325500B0AD06 /* Auth */ = {
			isa = PBXGroup;
			children = (
				04BAE1791E2C550600B0AD06 /* Model */,
				04BAE1781E2C523A00B0AD06 /* Business Logic */,
				04BAE1771E2C51F600B0AD06 /* User Interface */,
				04BAE1701E2C398700B0AD06 /* Module Interface */,
			);
			name = Auth;
			sourceTree = "<group>";
		};
		04BAE1701E2C398700B0AD06 /* Module Interface */ = {
			isa = PBXGroup;
			children = (
				04BAE1711E2C39D800B0AD06 /* AuthDelegateInterface.swift */,
				04BAE1731E2C3A5E00B0AD06 /* AuthInterface.swift */,
			);
			name = "Module Interface";
			sourceTree = "<group>";
		};
		04BAE1771E2C51F600B0AD06 /* User Interface */ = {
			isa = PBXGroup;
			children = (
				04BAE16A1E2C327700B0AD06 /* AuthController.swift */,
				04BAE1751E2C3E8C00B0AD06 /* AuthPresenter.swift */,
				04BAE16C1E2C328D00B0AD06 /* AuthView.swift */,
			);
			name = "User Interface";
			sourceTree = "<group>";
		};
		04BAE1781E2C523A00B0AD06 /* Business Logic */ = {
			isa = PBXGroup;
			children = (
				04BAE16E1E2C371E00B0AD06 /* AuthInteractor.swift */,
				04B2DB6D1E3951F9009EF299 /* AuthRequestValidator.swift */,
			);
			name = "Business Logic";
			sourceTree = "<group>";
		};
		04BAE1791E2C550600B0AD06 /* Model */ = {
			isa = PBXGroup;
			children = (
				04BAE17A1E2C551200B0AD06 /* User.swift */,
				04BAE17C1E2C5F8A00B0AD06 /* AuthDataManager.swift */,
			);
			name = Model;
			sourceTree = "<group>";
		};
		04FB533C1E2038D500D9F2C9 = {
			isa = PBXGroup;
			children = (
				04FB53471E2038D500D9F2C9 /* ChurchFinder */,
				04FB535F1E2038D500D9F2C9 /* ChurchFinderTests */,
				04FB536A1E2038D500D9F2C9 /* ChurchFinderUITests */,
				04FB53461E2038D500D9F2C9 /* Products */,
				DDDFFE1FB28CE1D7FB63F324 /* Pods */,
				DCA6B8C5F0110FA85E1C46E6 /* Frameworks */,
			);
			sourceTree = "<group>";
		};
		04FB53461E2038D500D9F2C9 /* Products */ = {
			isa = PBXGroup;
			children = (
				04FB53451E2038D500D9F2C9 /* ChurchFinder.app */,
				04FB535C1E2038D500D9F2C9 /* ChurchFinderTests.xctest */,
				04FB53671E2038D500D9F2C9 /* ChurchFinderUITests.xctest */,
			);
			name = Products;
			sourceTree = "<group>";
		};
		04FB53471E2038D500D9F2C9 /* ChurchFinder */ = {
			isa = PBXGroup;
			children = (
				047DBE211E2046FC00F28B5A /* Controller */,
				04FB53481E2038D500D9F2C9 /* AppDelegate.swift */,
				43A7392C1E40CB5F001123D6 /* Locator.swift */,
				04FB53521E2038D500D9F2C9 /* Assets.xcassets */,
				04FB53541E2038D500D9F2C9 /* LaunchScreen.storyboard */,
				04FB53571E2038D500D9F2C9 /* Info.plist */,
				04BAE1611E206FB900B0AD06 /* GoogleService-Info.plist */,
				04FB534F1E2038D500D9F2C9 /* ChurchFinder.xcdatamodeld */,
				04FB53791E203AAB00D9F2C9 /* ViewExtensions.swift */,
				04BAE1911E2EC9A600B0AD06 /* Properties.swift */,
				04BAE1931E2ECFA500B0AD06 /* Strings.swift */,
				4354C7561E40F53200F2A235 /* DataFactory.swift */,
			);
			path = ChurchFinder;
			sourceTree = "<group>";
		};
		04FB535F1E2038D500D9F2C9 /* ChurchFinderTests */ = {
			isa = PBXGroup;
			children = (
				04FB53601E2038D500D9F2C9 /* ChurchFinderTests.swift */,
				04FB53621E2038D500D9F2C9 /* Info.plist */,
				04B2DB6F1E3953D1009EF299 /* AuthValidatorTest.swift */,
			);
			path = ChurchFinderTests;
			sourceTree = "<group>";
		};
		04FB536A1E2038D500D9F2C9 /* ChurchFinderUITests */ = {
			isa = PBXGroup;
			children = (
				04FB536B1E2038D500D9F2C9 /* ChurchFinderUITests.swift */,
				04FB536D1E2038D500D9F2C9 /* Info.plist */,
			);
			path = ChurchFinderUITests;
			sourceTree = "<group>";
		};
		43A739291E40C9E1001123D6 /* Business Logic */ = {
			isa = PBXGroup;
			children = (
				43A7392A1E40CA01001123D6 /* ChurchInteractor.swift */,
			);
			name = "Business Logic";
			sourceTree = "<group>";
		};
		43A739301E40DEF5001123D6 /* Finder */ = {
			isa = PBXGroup;
			children = (
				43A739341E40E09C001123D6 /* Model */,
				43A739291E40C9E1001123D6 /* Business Logic */,
				43D2DB051E40C0DA00E5ADCB /* User Interface */,
				43D2DB081E40C88D00E5ADCB /* Module Interface */,
			);
			name = Finder;
			sourceTree = "<group>";
		};
		43A739311E40DF18001123D6 /* Result */ = {
			isa = PBXGroup;
			children = (
				04FB534A1E2038D500D9F2C9 /* ChurchResultController.swift */,
			);
			name = Result;
			sourceTree = "<group>";
		};
		43A739341E40E09C001123D6 /* Model */ = {
			isa = PBXGroup;
			children = (
				43A739351E40E0BD001123D6 /* ChurchDataManager.swift */,
				43A739371E40E4FB001123D6 /* Church.swift */,
			);
			name = Model;
			sourceTree = "<group>";
		};
		43D2DB021E40C08700E5ADCB /* Church */ = {
			isa = PBXGroup;
			children = (
				43A739311E40DF18001123D6 /* Result */,
				43A739301E40DEF5001123D6 /* Finder */,
			);
			name = Church;
			sourceTree = "<group>";
		};
		43D2DB051E40C0DA00E5ADCB /* User Interface */ = {
			isa = PBXGroup;
			children = (
				43D2DB031E40C0BE00E5ADCB /* ChurchFinderController.swift */,
				43D2DB061E40C0F300E5ADCB /* ChurchFinderView.swift */,
				43A739321E40DF56001123D6 /* ChurchFinderPresenter.swift */,
				4354C7541E40EE3C00F2A235 /* ChurchFinderRouter.swift */,
			);
			name = "User Interface";
			sourceTree = "<group>";
		};
		43D2DB081E40C88D00E5ADCB /* Module Interface */ = {
			isa = PBXGroup;
			children = (
				43D2DB091E40C8B700E5ADCB /* ChurchFinderDataInterface.swift */,
				43A7392E1E40DB30001123D6 /* ChurchFinderDelegateInterface.swift */,
				4354C7521E40EC0200F2A235 /* ChurchFinderRouterInterface.swift */,
			);
			name = "Module Interface";
			sourceTree = "<group>";
		};
		DCA6B8C5F0110FA85E1C46E6 /* Frameworks */ = {
			isa = PBXGroup;
			children = (
				8C611FFACDA544C709229319 /* Pods_ChurchFinder.framework */,
				19F036CAB7BE892F70A90E7F /* Pods_ChurchFinderTests.framework */,
				18D85250C895FD6C21B27764 /* Pods_ChurchFinderUITests.framework */,
			);
			name = Frameworks;
			sourceTree = "<group>";
		};
		DDDFFE1FB28CE1D7FB63F324 /* Pods */ = {
			isa = PBXGroup;
			children = (
				CAE0E3F934FB04B05E6893C6 /* Pods-ChurchFinder.debug.xcconfig */,
				333A3730961AB7554534B19A /* Pods-ChurchFinder.release.xcconfig */,
				0C6DAF8E78E6576F6C4D0763 /* Pods-ChurchFinderTests.debug.xcconfig */,
				B5A12E8AB1A5D91F4A4835EE /* Pods-ChurchFinderTests.release.xcconfig */,
				5C688C7CCA7080A7A0A045E2 /* Pods-ChurchFinderUITests.debug.xcconfig */,
				F7B42302C1ECB56263A8F770 /* Pods-ChurchFinderUITests.release.xcconfig */,
			);
			name = Pods;
			sourceTree = "<group>";
		};
/* End PBXGroup section */

/* Begin PBXNativeTarget section */
		04FB53441E2038D500D9F2C9 /* ChurchFinder */ = {
			isa = PBXNativeTarget;
			buildConfigurationList = 04FB53701E2038D500D9F2C9 /* Build configuration list for PBXNativeTarget "ChurchFinder" */;
			buildPhases = (
				BE55584638BA55340651A654 /* [CP] Check Pods Manifest.lock */,
				04FB53411E2038D500D9F2C9 /* Sources */,
				04FB53421E2038D500D9F2C9 /* Frameworks */,
				04FB53431E2038D500D9F2C9 /* Resources */,
				2C12220B03306162E7FC6CB9 /* [CP] Embed Pods Frameworks */,
				FE931027FA155A308D162FAD /* [CP] Copy Pods Resources */,
			);
			buildRules = (
			);
			dependencies = (
			);
			name = ChurchFinder;
			productName = ChurchFinder;
			productReference = 04FB53451E2038D500D9F2C9 /* ChurchFinder.app */;
			productType = "com.apple.product-type.application";
		};
		04FB535B1E2038D500D9F2C9 /* ChurchFinderTests */ = {
			isa = PBXNativeTarget;
			buildConfigurationList = 04FB53731E2038D500D9F2C9 /* Build configuration list for PBXNativeTarget "ChurchFinderTests" */;
			buildPhases = (
				15A52456CF607DC03B525273 /* [CP] Check Pods Manifest.lock */,
				04FB53581E2038D500D9F2C9 /* Sources */,
				04FB53591E2038D500D9F2C9 /* Frameworks */,
				04FB535A1E2038D500D9F2C9 /* Resources */,
				41578C6B2F03CF7406DD1F4B /* [CP] Embed Pods Frameworks */,
				86C2873A9ED0F1D1C6F55769 /* [CP] Copy Pods Resources */,
			);
			buildRules = (
			);
			dependencies = (
				04FB535E1E2038D500D9F2C9 /* PBXTargetDependency */,
			);
			name = ChurchFinderTests;
			productName = ChurchFinderTests;
			productReference = 04FB535C1E2038D500D9F2C9 /* ChurchFinderTests.xctest */;
			productType = "com.apple.product-type.bundle.unit-test";
		};
		04FB53661E2038D500D9F2C9 /* ChurchFinderUITests */ = {
			isa = PBXNativeTarget;
			buildConfigurationList = 04FB53761E2038D500D9F2C9 /* Build configuration list for PBXNativeTarget "ChurchFinderUITests" */;
			buildPhases = (
				D0218C99442C52B084D18C0B /* [CP] Check Pods Manifest.lock */,
				04FB53631E2038D500D9F2C9 /* Sources */,
				04FB53641E2038D500D9F2C9 /* Frameworks */,
				04FB53651E2038D500D9F2C9 /* Resources */,
				D942F919B69F7489DA583F2D /* [CP] Embed Pods Frameworks */,
				D9079292F4F505C4723ED97D /* [CP] Copy Pods Resources */,
			);
			buildRules = (
			);
			dependencies = (
				04FB53691E2038D500D9F2C9 /* PBXTargetDependency */,
			);
			name = ChurchFinderUITests;
			productName = ChurchFinderUITests;
			productReference = 04FB53671E2038D500D9F2C9 /* ChurchFinderUITests.xctest */;
			productType = "com.apple.product-type.bundle.ui-testing";
		};
/* End PBXNativeTarget section */

/* Begin PBXProject section */
		04FB533D1E2038D500D9F2C9 /* Project object */ = {
			isa = PBXProject;
			attributes = {
				LastSwiftUpdateCheck = 0820;
				LastUpgradeCheck = 0820;
				ORGANIZATIONNAME = mac;
				TargetAttributes = {
					04FB53441E2038D500D9F2C9 = {
						CreatedOnToolsVersion = 8.2.1;
						DevelopmentTeam = 7289W83XQQ;
						ProvisioningStyle = Automatic;
					};
					04FB535B1E2038D500D9F2C9 = {
						CreatedOnToolsVersion = 8.2.1;
						DevelopmentTeam = 7289W83XQQ;
						ProvisioningStyle = Automatic;
						TestTargetID = 04FB53441E2038D500D9F2C9;
					};
					04FB53661E2038D500D9F2C9 = {
						CreatedOnToolsVersion = 8.2.1;
						DevelopmentTeam = 7289W83XQQ;
						ProvisioningStyle = Automatic;
						TestTargetID = 04FB53441E2038D500D9F2C9;
					};
				};
			};
			buildConfigurationList = 04FB53401E2038D500D9F2C9 /* Build configuration list for PBXProject "ChurchFinder" */;
			compatibilityVersion = "Xcode 3.2";
			developmentRegion = English;
			hasScannedForEncodings = 0;
			knownRegions = (
				en,
				Base,
			);
			mainGroup = 04FB533C1E2038D500D9F2C9;
			productRefGroup = 04FB53461E2038D500D9F2C9 /* Products */;
			projectDirPath = "";
			projectRoot = "";
			targets = (
				04FB53441E2038D500D9F2C9 /* ChurchFinder */,
				04FB535B1E2038D500D9F2C9 /* ChurchFinderTests */,
				04FB53661E2038D500D9F2C9 /* ChurchFinderUITests */,
			);
		};
/* End PBXProject section */

/* Begin PBXResourcesBuildPhase section */
		04FB53431E2038D500D9F2C9 /* Resources */ = {
			isa = PBXResourcesBuildPhase;
			buildActionMask = 2147483647;
			files = (
				04FB53561E2038D500D9F2C9 /* LaunchScreen.storyboard in Resources */,
				04FB53531E2038D500D9F2C9 /* Assets.xcassets in Resources */,
				04BAE1621E206FB900B0AD06 /* GoogleService-Info.plist in Resources */,
			);
			runOnlyForDeploymentPostprocessing = 0;
		};
		04FB535A1E2038D500D9F2C9 /* Resources */ = {
			isa = PBXResourcesBuildPhase;
			buildActionMask = 2147483647;
			files = (
			);
			runOnlyForDeploymentPostprocessing = 0;
		};
		04FB53651E2038D500D9F2C9 /* Resources */ = {
			isa = PBXResourcesBuildPhase;
			buildActionMask = 2147483647;
			files = (
			);
			runOnlyForDeploymentPostprocessing = 0;
		};
/* End PBXResourcesBuildPhase section */

/* Begin PBXShellScriptBuildPhase section */
		15A52456CF607DC03B525273 /* [CP] Check Pods Manifest.lock */ = {
			isa = PBXShellScriptBuildPhase;
			buildActionMask = 2147483647;
			files = (
			);
			inputPaths = (
			);
			name = "[CP] Check Pods Manifest.lock";
			outputPaths = (
			);
			runOnlyForDeploymentPostprocessing = 0;
			shellPath = /bin/sh;
			shellScript = "diff \"${PODS_ROOT}/../Podfile.lock\" \"${PODS_ROOT}/Manifest.lock\" > /dev/null\nif [ $? != 0 ] ; then\n    # print error to STDERR\n    echo \"error: The sandbox is not in sync with the Podfile.lock. Run 'pod install' or update your CocoaPods installation.\" >&2\n    exit 1\nfi\n";
			showEnvVarsInLog = 0;
		};
		2C12220B03306162E7FC6CB9 /* [CP] Embed Pods Frameworks */ = {
			isa = PBXShellScriptBuildPhase;
			buildActionMask = 2147483647;
			files = (
			);
			inputPaths = (
			);
			name = "[CP] Embed Pods Frameworks";
			outputPaths = (
			);
			runOnlyForDeploymentPostprocessing = 0;
			shellPath = /bin/sh;
			shellScript = "\"${SRCROOT}/Pods/Target Support Files/Pods-ChurchFinder/Pods-ChurchFinder-frameworks.sh\"\n";
			showEnvVarsInLog = 0;
		};
		41578C6B2F03CF7406DD1F4B /* [CP] Embed Pods Frameworks */ = {
			isa = PBXShellScriptBuildPhase;
			buildActionMask = 2147483647;
			files = (
			);
			inputPaths = (
			);
			name = "[CP] Embed Pods Frameworks";
			outputPaths = (
			);
			runOnlyForDeploymentPostprocessing = 0;
			shellPath = /bin/sh;
			shellScript = "\"${SRCROOT}/Pods/Target Support Files/Pods-ChurchFinderTests/Pods-ChurchFinderTests-frameworks.sh\"\n";
			showEnvVarsInLog = 0;
		};
		86C2873A9ED0F1D1C6F55769 /* [CP] Copy Pods Resources */ = {
			isa = PBXShellScriptBuildPhase;
			buildActionMask = 2147483647;
			files = (
			);
			inputPaths = (
			);
			name = "[CP] Copy Pods Resources";
			outputPaths = (
			);
			runOnlyForDeploymentPostprocessing = 0;
			shellPath = /bin/sh;
			shellScript = "\"${SRCROOT}/Pods/Target Support Files/Pods-ChurchFinderTests/Pods-ChurchFinderTests-resources.sh\"\n";
			showEnvVarsInLog = 0;
		};
		BE55584638BA55340651A654 /* [CP] Check Pods Manifest.lock */ = {
			isa = PBXShellScriptBuildPhase;
			buildActionMask = 2147483647;
			files = (
			);
			inputPaths = (
			);
			name = "[CP] Check Pods Manifest.lock";
			outputPaths = (
			);
			runOnlyForDeploymentPostprocessing = 0;
			shellPath = /bin/sh;
			shellScript = "diff \"${PODS_ROOT}/../Podfile.lock\" \"${PODS_ROOT}/Manifest.lock\" > /dev/null\nif [ $? != 0 ] ; then\n    # print error to STDERR\n    echo \"error: The sandbox is not in sync with the Podfile.lock. Run 'pod install' or update your CocoaPods installation.\" >&2\n    exit 1\nfi\n";
			showEnvVarsInLog = 0;
		};
		D0218C99442C52B084D18C0B /* [CP] Check Pods Manifest.lock */ = {
			isa = PBXShellScriptBuildPhase;
			buildActionMask = 2147483647;
			files = (
			);
			inputPaths = (
			);
			name = "[CP] Check Pods Manifest.lock";
			outputPaths = (
			);
			runOnlyForDeploymentPostprocessing = 0;
			shellPath = /bin/sh;
			shellScript = "diff \"${PODS_ROOT}/../Podfile.lock\" \"${PODS_ROOT}/Manifest.lock\" > /dev/null\nif [ $? != 0 ] ; then\n    # print error to STDERR\n    echo \"error: The sandbox is not in sync with the Podfile.lock. Run 'pod install' or update your CocoaPods installation.\" >&2\n    exit 1\nfi\n";
			showEnvVarsInLog = 0;
		};
		D9079292F4F505C4723ED97D /* [CP] Copy Pods Resources */ = {
			isa = PBXShellScriptBuildPhase;
			buildActionMask = 2147483647;
			files = (
			);
			inputPaths = (
			);
			name = "[CP] Copy Pods Resources";
			outputPaths = (
			);
			runOnlyForDeploymentPostprocessing = 0;
			shellPath = /bin/sh;
			shellScript = "\"${SRCROOT}/Pods/Target Support Files/Pods-ChurchFinderUITests/Pods-ChurchFinderUITests-resources.sh\"\n";
			showEnvVarsInLog = 0;
		};
		D942F919B69F7489DA583F2D /* [CP] Embed Pods Frameworks */ = {
			isa = PBXShellScriptBuildPhase;
			buildActionMask = 2147483647;
			files = (
			);
			inputPaths = (
			);
			name = "[CP] Embed Pods Frameworks";
			outputPaths = (
			);
			runOnlyForDeploymentPostprocessing = 0;
			shellPath = /bin/sh;
			shellScript = "\"${SRCROOT}/Pods/Target Support Files/Pods-ChurchFinderUITests/Pods-ChurchFinderUITests-frameworks.sh\"\n";
			showEnvVarsInLog = 0;
		};
		FE931027FA155A308D162FAD /* [CP] Copy Pods Resources */ = {
			isa = PBXShellScriptBuildPhase;
			buildActionMask = 2147483647;
			files = (
			);
			inputPaths = (
			);
			name = "[CP] Copy Pods Resources";
			outputPaths = (
			);
			runOnlyForDeploymentPostprocessing = 0;
			shellPath = /bin/sh;
			shellScript = "\"${SRCROOT}/Pods/Target Support Files/Pods-ChurchFinder/Pods-ChurchFinder-resources.sh\"\n";
			showEnvVarsInLog = 0;
		};
/* End PBXShellScriptBuildPhase section */

/* Begin PBXSourcesBuildPhase section */
		04FB53411E2038D500D9F2C9 /* Sources */ = {
			isa = PBXSourcesBuildPhase;
			buildActionMask = 2147483647;
			files = (
				4354C7551E40EE3C00F2A235 /* ChurchFinderRouter.swift in Sources */,
				43A739361E40E0BD001123D6 /* ChurchDataManager.swift in Sources */,
				04BAE16D1E2C328D00B0AD06 /* AuthView.swift in Sources */,
				43A739381E40E4FB001123D6 /* Church.swift in Sources */,
				43A7392F1E40DB30001123D6 /* ChurchFinderDelegateInterface.swift in Sources */,
				04BAE1741E2C3A5E00B0AD06 /* AuthInterface.swift in Sources */,
				04B2DB6E1E3951F9009EF299 /* AuthRequestValidator.swift in Sources */,
				04BAE1721E2C39D800B0AD06 /* AuthDelegateInterface.swift in Sources */,
				04BAE16F1E2C371E00B0AD06 /* AuthInteractor.swift in Sources */,
				04BAE17D1E2C5F8A00B0AD06 /* AuthDataManager.swift in Sources */,
				04FB534B1E2038D500D9F2C9 /* ChurchResultController.swift in Sources */,
				04BAE1681E2C315900B0AD06 /* LoginView.swift in Sources */,
				04BAE17B1E2C551200B0AD06 /* User.swift in Sources */,
				04BAE1921E2EC9A600B0AD06 /* Properties.swift in Sources */,
				4354C7531E40EC0200F2A235 /* ChurchFinderRouterInterface.swift in Sources */,
				04FB53511E2038D500D9F2C9 /* ChurchFinder.xcdatamodeld in Sources */,
				04BAE1651E21A74700B0AD06 /* HomeController.swift in Sources */,
				04BAE16B1E2C327700B0AD06 /* AuthController.swift in Sources */,
				43D2DB0A1E40C8B700E5ADCB /* ChurchFinderDataInterface.swift in Sources */,
				04BAE1941E2ECFA500B0AD06 /* Strings.swift in Sources */,
				43A7392D1E40CB5F001123D6 /* Locator.swift in Sources */,
				04FB537A1E203AAB00D9F2C9 /* ViewExtensions.swift in Sources */,
				04FB53491E2038D500D9F2C9 /* AppDelegate.swift in Sources */,
				047DBE231E20481500F28B5A /* LoginController.swift in Sources */,
				43D2DB041E40C0BE00E5ADCB /* ChurchFinderController.swift in Sources */,
				43A7392B1E40CA01001123D6 /* ChurchInteractor.swift in Sources */,
				4354C7571E40F53200F2A235 /* DataFactory.swift in Sources */,
				04BAE1761E2C3E8C00B0AD06 /* AuthPresenter.swift in Sources */,
				43A739331E40DF56001123D6 /* ChurchFinderPresenter.swift in Sources */,
				43D2DB071E40C0F300E5ADCB /* ChurchFinderView.swift in Sources */,
			);
			runOnlyForDeploymentPostprocessing = 0;
		};
		04FB53581E2038D500D9F2C9 /* Sources */ = {
			isa = PBXSourcesBuildPhase;
			buildActionMask = 2147483647;
			files = (
				04B2DB701E3953D1009EF299 /* AuthValidatorTest.swift in Sources */,
				04FB53611E2038D500D9F2C9 /* ChurchFinderTests.swift in Sources */,
			);
			runOnlyForDeploymentPostprocessing = 0;
		};
		04FB53631E2038D500D9F2C9 /* Sources */ = {
			isa = PBXSourcesBuildPhase;
			buildActionMask = 2147483647;
			files = (
				04FB536C1E2038D500D9F2C9 /* ChurchFinderUITests.swift in Sources */,
			);
			runOnlyForDeploymentPostprocessing = 0;
		};
/* End PBXSourcesBuildPhase section */

/* Begin PBXTargetDependency section */
		04FB535E1E2038D500D9F2C9 /* PBXTargetDependency */ = {
			isa = PBXTargetDependency;
			target = 04FB53441E2038D500D9F2C9 /* ChurchFinder */;
			targetProxy = 04FB535D1E2038D500D9F2C9 /* PBXContainerItemProxy */;
		};
		04FB53691E2038D500D9F2C9 /* PBXTargetDependency */ = {
			isa = PBXTargetDependency;
			target = 04FB53441E2038D500D9F2C9 /* ChurchFinder */;
			targetProxy = 04FB53681E2038D500D9F2C9 /* PBXContainerItemProxy */;
		};
/* End PBXTargetDependency section */

/* Begin PBXVariantGroup section */
		04FB53541E2038D500D9F2C9 /* LaunchScreen.storyboard */ = {
			isa = PBXVariantGroup;
			children = (
				04FB53551E2038D500D9F2C9 /* Base */,
			);
			name = LaunchScreen.storyboard;
			sourceTree = "<group>";
		};
/* End PBXVariantGroup section */

/* Begin XCBuildConfiguration section */
		04FB536E1E2038D500D9F2C9 /* Debug */ = {
			isa = XCBuildConfiguration;
			buildSettings = {
				ALWAYS_SEARCH_USER_PATHS = NO;
				CLANG_ANALYZER_NONNULL = YES;
				CLANG_CXX_LANGUAGE_STANDARD = "gnu++0x";
				CLANG_CXX_LIBRARY = "libc++";
				CLANG_ENABLE_MODULES = YES;
				CLANG_ENABLE_OBJC_ARC = YES;
				CLANG_WARN_BOOL_CONVERSION = YES;
				CLANG_WARN_CONSTANT_CONVERSION = YES;
				CLANG_WARN_DIRECT_OBJC_ISA_USAGE = YES_ERROR;
				CLANG_WARN_DOCUMENTATION_COMMENTS = YES;
				CLANG_WARN_EMPTY_BODY = YES;
				CLANG_WARN_ENUM_CONVERSION = YES;
				CLANG_WARN_INFINITE_RECURSION = YES;
				CLANG_WARN_INT_CONVERSION = YES;
				CLANG_WARN_OBJC_ROOT_CLASS = YES_ERROR;
				CLANG_WARN_SUSPICIOUS_MOVE = YES;
				CLANG_WARN_UNREACHABLE_CODE = YES;
				CLANG_WARN__DUPLICATE_METHOD_MATCH = YES;
				"CODE_SIGN_IDENTITY[sdk=iphoneos*]" = "iPhone Developer";
				COPY_PHASE_STRIP = NO;
				DEBUG_INFORMATION_FORMAT = dwarf;
				ENABLE_STRICT_OBJC_MSGSEND = YES;
				ENABLE_TESTABILITY = YES;
				GCC_C_LANGUAGE_STANDARD = gnu99;
				GCC_DYNAMIC_NO_PIC = NO;
				GCC_NO_COMMON_BLOCKS = YES;
				GCC_OPTIMIZATION_LEVEL = 0;
				GCC_PREPROCESSOR_DEFINITIONS = (
					"DEBUG=1",
					"$(inherited)",
				);
				GCC_WARN_64_TO_32_BIT_CONVERSION = YES;
				GCC_WARN_ABOUT_RETURN_TYPE = YES_ERROR;
				GCC_WARN_UNDECLARED_SELECTOR = YES;
				GCC_WARN_UNINITIALIZED_AUTOS = YES_AGGRESSIVE;
				GCC_WARN_UNUSED_FUNCTION = YES;
				GCC_WARN_UNUSED_VARIABLE = YES;
				IPHONEOS_DEPLOYMENT_TARGET = 10.2;
				MTL_ENABLE_DEBUG_INFO = YES;
				ONLY_ACTIVE_ARCH = YES;
				SDKROOT = iphoneos;
				SWIFT_ACTIVE_COMPILATION_CONDITIONS = DEBUG;
				SWIFT_OPTIMIZATION_LEVEL = "-Onone";
			};
			name = Debug;
		};
		04FB536F1E2038D500D9F2C9 /* Release */ = {
			isa = XCBuildConfiguration;
			buildSettings = {
				ALWAYS_SEARCH_USER_PATHS = NO;
				CLANG_ANALYZER_NONNULL = YES;
				CLANG_CXX_LANGUAGE_STANDARD = "gnu++0x";
				CLANG_CXX_LIBRARY = "libc++";
				CLANG_ENABLE_MODULES = YES;
				CLANG_ENABLE_OBJC_ARC = YES;
				CLANG_WARN_BOOL_CONVERSION = YES;
				CLANG_WARN_CONSTANT_CONVERSION = YES;
				CLANG_WARN_DIRECT_OBJC_ISA_USAGE = YES_ERROR;
				CLANG_WARN_DOCUMENTATION_COMMENTS = YES;
				CLANG_WARN_EMPTY_BODY = YES;
				CLANG_WARN_ENUM_CONVERSION = YES;
				CLANG_WARN_INFINITE_RECURSION = YES;
				CLANG_WARN_INT_CONVERSION = YES;
				CLANG_WARN_OBJC_ROOT_CLASS = YES_ERROR;
				CLANG_WARN_SUSPICIOUS_MOVE = YES;
				CLANG_WARN_UNREACHABLE_CODE = YES;
				CLANG_WARN__DUPLICATE_METHOD_MATCH = YES;
				"CODE_SIGN_IDENTITY[sdk=iphoneos*]" = "iPhone Developer";
				COPY_PHASE_STRIP = NO;
				DEBUG_INFORMATION_FORMAT = "dwarf-with-dsym";
				ENABLE_NS_ASSERTIONS = NO;
				ENABLE_STRICT_OBJC_MSGSEND = YES;
				GCC_C_LANGUAGE_STANDARD = gnu99;
				GCC_NO_COMMON_BLOCKS = YES;
				GCC_WARN_64_TO_32_BIT_CONVERSION = YES;
				GCC_WARN_ABOUT_RETURN_TYPE = YES_ERROR;
				GCC_WARN_UNDECLARED_SELECTOR = YES;
				GCC_WARN_UNINITIALIZED_AUTOS = YES_AGGRESSIVE;
				GCC_WARN_UNUSED_FUNCTION = YES;
				GCC_WARN_UNUSED_VARIABLE = YES;
				IPHONEOS_DEPLOYMENT_TARGET = 10.2;
				MTL_ENABLE_DEBUG_INFO = NO;
				SDKROOT = iphoneos;
				SWIFT_OPTIMIZATION_LEVEL = "-Owholemodule";
				VALIDATE_PRODUCT = YES;
			};
			name = Release;
		};
		04FB53711E2038D500D9F2C9 /* Debug */ = {
			isa = XCBuildConfiguration;
			baseConfigurationReference = CAE0E3F934FB04B05E6893C6 /* Pods-ChurchFinder.debug.xcconfig */;
			buildSettings = {
				ALWAYS_EMBED_SWIFT_STANDARD_LIBRARIES = "$(inherited)";
				ASSETCATALOG_COMPILER_APPICON_NAME = AppIcon;
				DEVELOPMENT_TEAM = 7289W83XQQ;
				INFOPLIST_FILE = ChurchFinder/Info.plist;
				IPHONEOS_DEPLOYMENT_TARGET = 10.2;
				LD_RUNPATH_SEARCH_PATHS = "$(inherited) @executable_path/Frameworks";
				OTHER_LDFLAGS = (
					"$(inherited)",
					"-ObjC",
					"-l\"c++\"",
					"-l\"sqlite3\"",
					"-l\"z\"",
					"-framework",
					"\"AddressBook\"",
					"-framework",
					"\"FirebaseAnalytics\"",
					"-framework",
					"\"FirebaseCore\"",
					"-framework",
					"\"FirebaseInstanceID\"",
					"-framework",
					"\"GoogleInterchangeUtilities\"",
					"-framework",
					"\"GoogleSymbolUtilities\"",
					"-framework",
					"\"GoogleToolboxForMac\"",
					"-framework",
					"\"StoreKit\"",
					"-framework",
					"\"SystemConfiguration\"",
					"$(inherited)",
				);
				PRODUCT_BUNDLE_IDENTIFIER = obrien.alaribe.ChurchFinder;
				PRODUCT_NAME = "$(TARGET_NAME)";
				SWIFT_VERSION = 3.0;
			};
			name = Debug;
		};
		04FB53721E2038D500D9F2C9 /* Release */ = {
			isa = XCBuildConfiguration;
			baseConfigurationReference = 333A3730961AB7554534B19A /* Pods-ChurchFinder.release.xcconfig */;
			buildSettings = {
				ALWAYS_EMBED_SWIFT_STANDARD_LIBRARIES = "$(inherited)";
				ASSETCATALOG_COMPILER_APPICON_NAME = AppIcon;
				DEVELOPMENT_TEAM = 7289W83XQQ;
				INFOPLIST_FILE = ChurchFinder/Info.plist;
				IPHONEOS_DEPLOYMENT_TARGET = 10.2;
				LD_RUNPATH_SEARCH_PATHS = "$(inherited) @executable_path/Frameworks";
				OTHER_LDFLAGS = (
					"$(inherited)",
					"-ObjC",
					"-l\"c++\"",
					"-l\"sqlite3\"",
					"-l\"z\"",
					"-framework",
					"\"AddressBook\"",
					"-framework",
					"\"FirebaseAnalytics\"",
					"-framework",
					"\"FirebaseCore\"",
					"-framework",
					"\"FirebaseInstanceID\"",
					"-framework",
					"\"GoogleInterchangeUtilities\"",
					"-framework",
					"\"GoogleSymbolUtilities\"",
					"-framework",
					"\"GoogleToolboxForMac\"",
					"-framework",
					"\"StoreKit\"",
					"-framework",
					"\"SystemConfiguration\"",
					"$(inherited)",
				);
				PRODUCT_BUNDLE_IDENTIFIER = obrien.alaribe.ChurchFinder;
				PRODUCT_NAME = "$(TARGET_NAME)";
				SWIFT_VERSION = 3.0;
			};
			name = Release;
		};
		04FB53741E2038D500D9F2C9 /* Debug */ = {
			isa = XCBuildConfiguration;
			baseConfigurationReference = 0C6DAF8E78E6576F6C4D0763 /* Pods-ChurchFinderTests.debug.xcconfig */;
			buildSettings = {
				ALWAYS_EMBED_SWIFT_STANDARD_LIBRARIES = YES;
				BUNDLE_LOADER = "$(TEST_HOST)";
				DEVELOPMENT_TEAM = 7289W83XQQ;
				INFOPLIST_FILE = ChurchFinderTests/Info.plist;
				LD_RUNPATH_SEARCH_PATHS = "$(inherited) @executable_path/Frameworks @loader_path/Frameworks";
				PRODUCT_BUNDLE_IDENTIFIER = obrien.alaribe.ChurchFinderTests;
				PRODUCT_NAME = "$(TARGET_NAME)";
				SWIFT_VERSION = 3.0;
				TEST_HOST = "$(BUILT_PRODUCTS_DIR)/ChurchFinder.app/ChurchFinder";
			};
			name = Debug;
		};
		04FB53751E2038D500D9F2C9 /* Release */ = {
			isa = XCBuildConfiguration;
			baseConfigurationReference = B5A12E8AB1A5D91F4A4835EE /* Pods-ChurchFinderTests.release.xcconfig */;
			buildSettings = {
				ALWAYS_EMBED_SWIFT_STANDARD_LIBRARIES = YES;
				BUNDLE_LOADER = "$(TEST_HOST)";
				DEVELOPMENT_TEAM = 7289W83XQQ;
				INFOPLIST_FILE = ChurchFinderTests/Info.plist;
				LD_RUNPATH_SEARCH_PATHS = "$(inherited) @executable_path/Frameworks @loader_path/Frameworks";
				PRODUCT_BUNDLE_IDENTIFIER = obrien.alaribe.ChurchFinderTests;
				PRODUCT_NAME = "$(TARGET_NAME)";
				SWIFT_VERSION = 3.0;
				TEST_HOST = "$(BUILT_PRODUCTS_DIR)/ChurchFinder.app/ChurchFinder";
			};
			name = Release;
		};
		04FB53771E2038D500D9F2C9 /* Debug */ = {
			isa = XCBuildConfiguration;
			baseConfigurationReference = 5C688C7CCA7080A7A0A045E2 /* Pods-ChurchFinderUITests.debug.xcconfig */;
			buildSettings = {
				ALWAYS_EMBED_SWIFT_STANDARD_LIBRARIES = YES;
				DEVELOPMENT_TEAM = 7289W83XQQ;
				INFOPLIST_FILE = ChurchFinderUITests/Info.plist;
				LD_RUNPATH_SEARCH_PATHS = "$(inherited) @executable_path/Frameworks @loader_path/Frameworks";
				PRODUCT_BUNDLE_IDENTIFIER = obrien.alaribe.ChurchFinderUITests;
				PRODUCT_NAME = "$(TARGET_NAME)";
				SWIFT_VERSION = 3.0;
				TEST_TARGET_NAME = ChurchFinder;
			};
			name = Debug;
		};
		04FB53781E2038D500D9F2C9 /* Release */ = {
			isa = XCBuildConfiguration;
			baseConfigurationReference = F7B42302C1ECB56263A8F770 /* Pods-ChurchFinderUITests.release.xcconfig */;
			buildSettings = {
				ALWAYS_EMBED_SWIFT_STANDARD_LIBRARIES = YES;
				DEVELOPMENT_TEAM = 7289W83XQQ;
				INFOPLIST_FILE = ChurchFinderUITests/Info.plist;
				LD_RUNPATH_SEARCH_PATHS = "$(inherited) @executable_path/Frameworks @loader_path/Frameworks";
				PRODUCT_BUNDLE_IDENTIFIER = obrien.alaribe.ChurchFinderUITests;
				PRODUCT_NAME = "$(TARGET_NAME)";
				SWIFT_VERSION = 3.0;
				TEST_TARGET_NAME = ChurchFinder;
			};
			name = Release;
		};
/* End XCBuildConfiguration section */

/* Begin XCConfigurationList section */
		04FB53401E2038D500D9F2C9 /* Build configuration list for PBXProject "ChurchFinder" */ = {
			isa = XCConfigurationList;
			buildConfigurations = (
				04FB536E1E2038D500D9F2C9 /* Debug */,
				04FB536F1E2038D500D9F2C9 /* Release */,
			);
			defaultConfigurationIsVisible = 0;
			defaultConfigurationName = Release;
		};
		04FB53701E2038D500D9F2C9 /* Build configuration list for PBXNativeTarget "ChurchFinder" */ = {
			isa = XCConfigurationList;
			buildConfigurations = (
				04FB53711E2038D500D9F2C9 /* Debug */,
				04FB53721E2038D500D9F2C9 /* Release */,
			);
			defaultConfigurationIsVisible = 0;
			defaultConfigurationName = Release;
		};
		04FB53731E2038D500D9F2C9 /* Build configuration list for PBXNativeTarget "ChurchFinderTests" */ = {
			isa = XCConfigurationList;
			buildConfigurations = (
				04FB53741E2038D500D9F2C9 /* Debug */,
				04FB53751E2038D500D9F2C9 /* Release */,
			);
			defaultConfigurationIsVisible = 0;
			defaultConfigurationName = Release;
		};
		04FB53761E2038D500D9F2C9 /* Build configuration list for PBXNativeTarget "ChurchFinderUITests" */ = {
			isa = XCConfigurationList;
			buildConfigurations = (
				04FB53771E2038D500D9F2C9 /* Debug */,
				04FB53781E2038D500D9F2C9 /* Release */,
			);
			defaultConfigurationIsVisible = 0;
			defaultConfigurationName = Release;
		};
/* End XCConfigurationList section */

/* Begin XCVersionGroup section */
		04FB534F1E2038D500D9F2C9 /* ChurchFinder.xcdatamodeld */ = {
			isa = XCVersionGroup;
			children = (
				04FB53501E2038D500D9F2C9 /* ChurchFinder.xcdatamodel */,
			);
			currentVersion = 04FB53501E2038D500D9F2C9 /* ChurchFinder.xcdatamodel */;
			path = ChurchFinder.xcdatamodeld;
			sourceTree = "<group>";
			versionGroupType = wrapper.xcdatamodel;
		};
/* End XCVersionGroup section */
	};
	rootObject = 04FB533D1E2038D500D9F2C9 /* Project object */;
}
